
Microsoft Visual Studio Solution File, Format Version 12.00
# Visual Studio Version 17
VisualStudioVersion = 17.0.31919.166
MinimumVisualStudioVersion = 10.0.40219.1
Project("{2150E333-8FDC-42A3-9474-1A3956D46DE8}") = "Infrastructure", "Infrastructure", "{D393D3E3-A961-46CE-8682-5766B2DCA0FC}"
EndProject
Project("{2150E333-8FDC-42A3-9474-1A3956D46DE8}") = "MonitorService", "MonitorService", "{081EB2B6-A0E9-49F7-A2E3-4C16C0E3C3AD}"
EndProject
Project("{9A19103F-16F7-4668-BE54-9A1E7A4F7556}") = "Web.RegisterConfig", "Infrastructure\Web.RegisterConfig\Web.RegisterConfig.csproj", "{C2735BF4-2B0E-49A1-B740-CDF14060127B}"
EndProject
Project("{9A19103F-16F7-4668-BE54-9A1E7A4F7556}") = "Web.Framework", "Infrastructure\Web.Framework\Web.Framework.csproj", "{70C49C50-9B68-45D1-BABA-82754A2602F5}"
EndProject
Project("{9A19103F-16F7-4668-BE54-9A1E7A4F7556}") = "Web.MQ", "Infrastructure\Web.MQ\Web.MQ.csproj", "{C67E144E-7461-4FF4-81E8-68A722FF70CC}"
EndProject
Project("{9A19103F-16F7-4668-BE54-9A1E7A4F7556}") = "Web.Quartz", "Infrastructure\Web.Quartz\Web.Quartz.csproj", "{5320FC70-02B4-4E2A-8EE9-7739E0DD44C2}"
EndProject
Project("{9A19103F-16F7-4668-BE54-9A1E7A4F7556}") = "WebCache", "Infrastructure\WebCache\WebCache.csproj", "{0BEB7374-711D-48B6-89C8-09ADB9BA9247}"
EndProject
Project("{9A19103F-16F7-4668-BE54-9A1E7A4F7556}") = "Web.AutoFac", "Infrastructure\Web.AutoFac\Web.AutoFac.csproj", "{F0ED20BF-E639-4F56-A556-6A3537979DB9}"
EndProject
Project("{9A19103F-16F7-4668-BE54-9A1E7A4F7556}") = "HandleTestService", "MonitorService\HandleTestService\HandleTestService.csproj", "{B5F715B0-2B99-4CF6-BC58-B320A81F91B5}"
EndProject
Project("{2150E333-8FDC-42A3-9474-1A3956D46DE8}") = "Models", "Models", "{CEDFCBF9-E926-4B86-8D2C-F45D1355506B}"
EndProject
Project("{9A19103F-16F7-4668-BE54-9A1E7A4F7556}") = "Web.Mvc", "Infrastructure\Web.Mvc\Web.Mvc.csproj", "{AF1EE8A2-BEDE-4859-AAAA-229AF5287680}"
EndProject
Project("{2150E333-8FDC-42A3-9474-1A3956D46DE8}") = "BusinessLayer", "BusinessLayer", "{07B10484-137A-4002-8291-260A08014000}"
EndProject
Project("{9A19103F-16F7-4668-BE54-9A1E7A4F7556}") = "Web.Swagger", "Infrastructure\Web.Swagger\Web.Swagger.csproj", "{D45D8150-481B-4E46-9505-373FCCD4164A}"
EndProject
Project("{9A19103F-16F7-4668-BE54-9A1E7A4F7556}") = "BDMall.Enums", "Models\BuyMall.Enums\BDMall.Enums.csproj", "{5341661D-94B3-4CB7-9154-3453D67FA94A}"
EndProject
Project("{9A19103F-16F7-4668-BE54-9A1E7A4F7556}") = "BDMall.Domain", "Models\BuyMall.Domain\BDMall.Domain.csproj", "{C678C475-A40E-42CA-BA17-D3C7995CD4E8}"
EndProject
Project("{9A19103F-16F7-4668-BE54-9A1E7A4F7556}") = "Web.MediatR", "Infrastructure\Web.MediatR\Web.MediatR.csproj", "{2ECEA61F-D9D7-41DE-A7CA-97E4C0ECD5DF}"
EndProject
Project("{9A19103F-16F7-4668-BE54-9A1E7A4F7556}") = "BDMall.Model", "Models\BuyMall.Model\BDMall.Model.csproj", "{46D07AAD-47FB-448E-884E-E14E7F6689DC}"
EndProject
Project("{9A19103F-16F7-4668-BE54-9A1E7A4F7556}") = "BDMall.WebApi", "BDMall.WebApi\BDMall.WebApi.csproj", "{31D04F2A-DCB0-41F9-B0E2-6CEBAE7F4E3D}"
EndProject
Project("{9A19103F-16F7-4668-BE54-9A1E7A4F7556}") = "BDMall.AdminApi", "BDMall.AdminApi\BDMall.AdminApi.csproj", "{0DBE7ABF-DEE9-43C4-A679-C80686C5C78D}"
EndProject
Project("{9A19103F-16F7-4668-BE54-9A1E7A4F7556}") = "BDMall.Admin", "BDMall.Admin\BDMall.Admin.csproj", "{86C17454-01C5-4BBD-A790-5B208B0BDD2B}"
EndProject
Project("{9A19103F-16F7-4668-BE54-9A1E7A4F7556}") = "BDMall.Repository", "BusinessLayer\BDMall.Repository\BDMall.Repository.csproj", "{FF5429B4-E3EA-47D8-8944-38C80FAACC25}"
EndProject
Project("{9A19103F-16F7-4668-BE54-9A1E7A4F7556}") = "BDMall.BLL", "BusinessLayer\BDMall.BLL\BDMall.BLL.csproj", "{C90267B4-1EDD-4DA0-8176-CEF67054FF41}"
EndProject
Project("{9A19103F-16F7-4668-BE54-9A1E7A4F7556}") = "Web.Jwt", "Infrastructure\Web.Jwt\Web.Jwt.csproj", "{58E87827-3CE2-49BF-BE61-46F0E7062E38}"
EndProject
Global
	GlobalSection(SolutionConfigurationPlatforms) = preSolution
		Debug|Any CPU = Debug|Any CPU
		Release|Any CPU = Release|Any CPU
	EndGlobalSection
	GlobalSection(ProjectConfigurationPlatforms) = postSolution
		{C2735BF4-2B0E-49A1-B740-CDF14060127B}.Debug|Any CPU.ActiveCfg = Debug|Any CPU
		{C2735BF4-2B0E-49A1-B740-CDF14060127B}.Debug|Any CPU.Build.0 = Debug|Any CPU
		{C2735BF4-2B0E-49A1-B740-CDF14060127B}.Release|Any CPU.ActiveCfg = Release|Any CPU
		{C2735BF4-2B0E-49A1-B740-CDF14060127B}.Release|Any CPU.Build.0 = Release|Any CPU
		{70C49C50-9B68-45D1-BABA-82754A2602F5}.Debug|Any CPU.ActiveCfg = Debug|Any CPU
		{70C49C50-9B68-45D1-BABA-82754A2602F5}.Debug|Any CPU.Build.0 = Debug|Any CPU
		{70C49C50-9B68-45D1-BABA-82754A2602F5}.Release|Any CPU.ActiveCfg = Release|Any CPU
		{70C49C50-9B68-45D1-BABA-82754A2602F5}.Release|Any CPU.Build.0 = Release|Any CPU
		{C67E144E-7461-4FF4-81E8-68A722FF70CC}.Debug|Any CPU.ActiveCfg = Debug|Any CPU
		{C67E144E-7461-4FF4-81E8-68A722FF70CC}.Debug|Any CPU.Build.0 = Debug|Any CPU
		{C67E144E-7461-4FF4-81E8-68A722FF70CC}.Release|Any CPU.ActiveCfg = Release|Any CPU
		{C67E144E-7461-4FF4-81E8-68A722FF70CC}.Release|Any CPU.Build.0 = Release|Any CPU
		{5320FC70-02B4-4E2A-8EE9-7739E0DD44C2}.Debug|Any CPU.ActiveCfg = Debug|Any CPU
		{5320FC70-02B4-4E2A-8EE9-7739E0DD44C2}.Debug|Any CPU.Build.0 = Debug|Any CPU
		{5320FC70-02B4-4E2A-8EE9-7739E0DD44C2}.Release|Any CPU.ActiveCfg = Release|Any CPU
		{5320FC70-02B4-4E2A-8EE9-7739E0DD44C2}.Release|Any CPU.Build.0 = Release|Any CPU
		{0BEB7374-711D-48B6-89C8-09ADB9BA9247}.Debug|Any CPU.ActiveCfg = Debug|Any CPU
		{0BEB7374-711D-48B6-89C8-09ADB9BA9247}.Debug|Any CPU.Build.0 = Debug|Any CPU
		{0BEB7374-711D-48B6-89C8-09ADB9BA9247}.Release|Any CPU.ActiveCfg = Release|Any CPU
		{0BEB7374-711D-48B6-89C8-09ADB9BA9247}.Release|Any CPU.Build.0 = Release|Any CPU
		{F0ED20BF-E639-4F56-A556-6A3537979DB9}.Debug|Any CPU.ActiveCfg = Debug|Any CPU
		{F0ED20BF-E639-4F56-A556-6A3537979DB9}.Debug|Any CPU.Build.0 = Debug|Any CPU
		{F0ED20BF-E639-4F56-A556-6A3537979DB9}.Release|Any CPU.ActiveCfg = Release|Any CPU
		{F0ED20BF-E639-4F56-A556-6A3537979DB9}.Release|Any CPU.Build.0 = Release|Any CPU
		{B5F715B0-2B99-4CF6-BC58-B320A81F91B5}.Debug|Any CPU.ActiveCfg = Debug|Any CPU
		{B5F715B0-2B99-4CF6-BC58-B320A81F91B5}.Debug|Any CPU.Build.0 = Debug|Any CPU
		{B5F715B0-2B99-4CF6-BC58-B320A81F91B5}.Release|Any CPU.ActiveCfg = Release|Any CPU
		{B5F715B0-2B99-4CF6-BC58-B320A81F91B5}.Release|Any CPU.Build.0 = Release|Any CPU
		{AF1EE8A2-BEDE-4859-AAAA-229AF5287680}.Debug|Any CPU.ActiveCfg = Debug|Any CPU
		{AF1EE8A2-BEDE-4859-AAAA-229AF5287680}.Debug|Any CPU.Build.0 = Debug|Any CPU
		{AF1EE8A2-BEDE-4859-AAAA-229AF5287680}.Release|Any CPU.ActiveCfg = Release|Any CPU
		{AF1EE8A2-BEDE-4859-AAAA-229AF5287680}.Release|Any CPU.Build.0 = Release|Any CPU
		{D45D8150-481B-4E46-9505-373FCCD4164A}.Debug|Any CPU.ActiveCfg = Debug|Any CPU
		{D45D8150-481B-4E46-9505-373FCCD4164A}.Debug|Any CPU.Build.0 = Debug|Any CPU
		{D45D8150-481B-4E46-9505-373FCCD4164A}.Release|Any CPU.ActiveCfg = Release|Any CPU
		{D45D8150-481B-4E46-9505-373FCCD4164A}.Release|Any CPU.Build.0 = Release|Any CPU
		{5341661D-94B3-4CB7-9154-3453D67FA94A}.Debug|Any CPU.ActiveCfg = Debug|Any CPU
		{5341661D-94B3-4CB7-9154-3453D67FA94A}.Debug|Any CPU.Build.0 = Debug|Any CPU
		{5341661D-94B3-4CB7-9154-3453D67FA94A}.Release|Any CPU.ActiveCfg = Release|Any CPU
		{5341661D-94B3-4CB7-9154-3453D67FA94A}.Release|Any CPU.Build.0 = Release|Any CPU
		{C678C475-A40E-42CA-BA17-D3C7995CD4E8}.Debug|Any CPU.ActiveCfg = Debug|Any CPU
		{C678C475-A40E-42CA-BA17-D3C7995CD4E8}.Debug|Any CPU.Build.0 = Debug|Any CPU
		{C678C475-A40E-42CA-BA17-D3C7995CD4E8}.Release|Any CPU.ActiveCfg = Release|Any CPU
		{C678C475-A40E-42CA-BA17-D3C7995CD4E8}.Release|Any CPU.Build.0 = Release|Any CPU
		{2ECEA61F-D9D7-41DE-A7CA-97E4C0ECD5DF}.Debug|Any CPU.ActiveCfg = Debug|Any CPU
		{2ECEA61F-D9D7-41DE-A7CA-97E4C0ECD5DF}.Debug|Any CPU.Build.0 = Debug|Any CPU
		{2ECEA61F-D9D7-41DE-A7CA-97E4C0ECD5DF}.Release|Any CPU.ActiveCfg = Release|Any CPU
		{2ECEA61F-D9D7-41DE-A7CA-97E4C0ECD5DF}.Release|Any CPU.Build.0 = Release|Any CPU
		{46D07AAD-47FB-448E-884E-E14E7F6689DC}.Debug|Any CPU.ActiveCfg = Debug|Any CPU
		{46D07AAD-47FB-448E-884E-E14E7F6689DC}.Debug|Any CPU.Build.0 = Debug|Any CPU
		{46D07AAD-47FB-448E-884E-E14E7F6689DC}.Release|Any CPU.ActiveCfg = Release|Any CPU
		{46D07AAD-47FB-448E-884E-E14E7F6689DC}.Release|Any CPU.Build.0 = Release|Any CPU
		{31D04F2A-DCB0-41F9-B0E2-6CEBAE7F4E3D}.Debug|Any CPU.ActiveCfg = Debug|Any CPU
		{31D04F2A-DCB0-41F9-B0E2-6CEBAE7F4E3D}.Debug|Any CPU.Build.0 = Debug|Any CPU
		{31D04F2A-DCB0-41F9-B0E2-6CEBAE7F4E3D}.Release|Any CPU.ActiveCfg = Release|Any CPU
		{31D04F2A-DCB0-41F9-B0E2-6CEBAE7F4E3D}.Release|Any CPU.Build.0 = Release|Any CPU
		{0DBE7ABF-DEE9-43C4-A679-C80686C5C78D}.Debug|Any CPU.ActiveCfg = Debug|Any CPU
		{0DBE7ABF-DEE9-43C4-A679-C80686C5C78D}.Debug|Any CPU.Build.0 = Debug|Any CPU
		{0DBE7ABF-DEE9-43C4-A679-C80686C5C78D}.Release|Any CPU.ActiveCfg = Release|Any CPU
		{0DBE7ABF-DEE9-43C4-A679-C80686C5C78D}.Release|Any CPU.Build.0 = Release|Any CPU
		{86C17454-01C5-4BBD-A790-5B208B0BDD2B}.Debug|Any CPU.ActiveCfg = Debug|Any CPU
		{86C17454-01C5-4BBD-A790-5B208B0BDD2B}.Debug|Any CPU.Build.0 = Debug|Any CPU
		{86C17454-01C5-4BBD-A790-5B208B0BDD2B}.Release|Any CPU.ActiveCfg = Release|Any CPU
		{86C17454-01C5-4BBD-A790-5B208B0BDD2B}.Release|Any CPU.Build.0 = Release|Any CPU
		{FF5429B4-E3EA-47D8-8944-38C80FAACC25}.Debug|Any CPU.ActiveCfg = Debug|Any CPU
		{FF5429B4-E3EA-47D8-8944-38C80FAACC25}.Debug|Any CPU.Build.0 = Debug|Any CPU
		{FF5429B4-E3EA-47D8-8944-38C80FAACC25}.Release|Any CPU.ActiveCfg = Release|Any CPU
		{FF5429B4-E3EA-47D8-8944-38C80FAACC25}.Release|Any CPU.Build.0 = Release|Any CPU
		{C90267B4-1EDD-4DA0-8176-CEF67054FF41}.Debug|Any CPU.ActiveCfg = Debug|Any CPU
		{C90267B4-1EDD-4DA0-8176-CEF67054FF41}.Debug|Any CPU.Build.0 = Debug|Any CPU
		{C90267B4-1EDD-4DA0-8176-CEF67054FF41}.Release|Any CPU.ActiveCfg = Release|Any CPU
		{C90267B4-1EDD-4DA0-8176-CEF67054FF41}.Release|Any CPU.Build.0 = Release|Any CPU
		{58E87827-3CE2-49BF-BE61-46F0E7062E38}.Debug|Any CPU.ActiveCfg = Debug|Any CPU
		{58E87827-3CE2-49BF-BE61-46F0E7062E38}.Debug|Any CPU.Build.0 = Debug|Any CPU
		{58E87827-3CE2-49BF-BE61-46F0E7062E38}.Release|Any CPU.ActiveCfg = Release|Any CPU
		{58E87827-3CE2-49BF-BE61-46F0E7062E38}.Release|Any CPU.Build.0 = Release|Any CPU
	EndGlobalSection
	GlobalSection(SolutionProperties) = preSolution
		HideSolutionNode = FALSE
	EndGlobalSection
	GlobalSection(NestedProjects) = preSolution
		{C2735BF4-2B0E-49A1-B740-CDF14060127B} = {D393D3E3-A961-46CE-8682-5766B2DCA0FC}
		{70C49C50-9B68-45D1-BABA-82754A2602F5} = {D393D3E3-A961-46CE-8682-5766B2DCA0FC}
		{C67E144E-7461-4FF4-81E8-68A722FF70CC} = {D393D3E3-A961-46CE-8682-5766B2DCA0FC}
		{5320FC70-02B4-4E2A-8EE9-7739E0DD44C2} = {D393D3E3-A961-46CE-8682-5766B2DCA0FC}
		{0BEB7374-711D-48B6-89C8-09ADB9BA9247} = {D393D3E3-A961-46CE-8682-5766B2DCA0FC}
		{F0ED20BF-E639-4F56-A556-6A3537979DB9} = {D393D3E3-A961-46CE-8682-5766B2DCA0FC}
		{B5F715B0-2B99-4CF6-BC58-B320A81F91B5} = {081EB2B6-A0E9-49F7-A2E3-4C16C0E3C3AD}
		{AF1EE8A2-BEDE-4859-AAAA-229AF5287680} = {D393D3E3-A961-46CE-8682-5766B2DCA0FC}
		{D45D8150-481B-4E46-9505-373FCCD4164A} = {D393D3E3-A961-46CE-8682-5766B2DCA0FC}
		{5341661D-94B3-4CB7-9154-3453D67FA94A} = {CEDFCBF9-E926-4B86-8D2C-F45D1355506B}
		{C678C475-A40E-42CA-BA17-D3C7995CD4E8} = {CEDFCBF9-E926-4B86-8D2C-F45D1355506B}
		{2ECEA61F-D9D7-41DE-A7CA-97E4C0ECD5DF} = {D393D3E3-A961-46CE-8682-5766B2DCA0FC}
		{46D07AAD-47FB-448E-884E-E14E7F6689DC} = {CEDFCBF9-E926-4B86-8D2C-F45D1355506B}
		{FF5429B4-E3EA-47D8-8944-38C80FAACC25} = {07B10484-137A-4002-8291-260A08014000}
		{C90267B4-1EDD-4DA0-8176-CEF67054FF41} = {07B10484-137A-4002-8291-260A08014000}
		{58E87827-3CE2-49BF-BE61-46F0E7062E38} = {D393D3E3-A961-46CE-8682-5766B2DCA0FC}
	EndGlobalSection
	GlobalSection(ExtensibilityGlobals) = postSolution
		SolutionGuid = {3E3C1B58-B172-4103-9DF2-CF3BC3D6748D}
	EndGlobalSection
EndGlobal
